
Microsoft Visual Studio Solution File, Format Version 12.00
# Visual Studio Version 17
VisualStudioVersion = 17.5.33530.505
MinimumVisualStudioVersion = 10.0.40219.1
Project("{FAE04EC0-301F-11D3-BF4B-00C04F79EFBC}") = "Test_wpf", "Test_wpf.csproj", "{2D83207C-98F7-463A-A5CE-27BE1679A7A1}"
EndProject
Global
	GlobalSection(SolutionConfigurationPlatforms) = preSolution
		Debug|Any CPU = Debug|Any CPU
		Release|Any CPU = Release|Any CPU
	EndGlobalSection
	GlobalSection(ProjectConfigurationPlatforms) = postSolution
		{2D83207C-98F7-463A-A5CE-27BE1679A7A1}.Debug|Any CPU.ActiveCfg = Debug|Any CPU
		{2D83207C-98F7-463A-A5CE-27BE1679A7A1}.Debug|Any CPU.Build.0 = Debug|Any CPU
		{2D83207C-98F7-463A-A5CE-27BE1679A7A1}.Release|Any CPU.ActiveCfg = Release|Any CPU
		{2D83207C-98F7-463A-A5CE-27BE1679A7A1}.Release|Any CPU.Build.0 = Release|Any CPU
	EndGlobalSection
	GlobalSection(SolutionProperties) = preSolution
		HideSolutionNode = FALSE
	EndGlobalSection
	GlobalSection(ExtensibilityGlobals) = postSolution
		SolutionGuid = {7C07ACC0-001D-42F5-8423-83F294E126B0}
	EndGlobalSection
EndGlobal
